// !$*UTF8*$!
{
	archiveVersion = 1;
	classes = {
	};
	objectVersion = 48;
	objects = {

/* Begin PBXBuildFile section */
		8F637D58203DB0A000AE5FEE /* Level0.sks in Resources */ = {isa = PBXBuildFile; fileRef = 8F637D57203DB0A000AE5FEE /* Level0.sks */; };
		8F637D5A203DC6E000AE5FEE /* PlayerNode.swift in Sources */ = {isa = PBXBuildFile; fileRef = 8F637D59203DC6E000AE5FEE /* PlayerNode.swift */; };
		8FAD11B7203E044C00AA2545 /* TrailColors.swift in Sources */ = {isa = PBXBuildFile; fileRef = 8FAD11B6203E044C00AA2545 /* TrailColors.swift */; };
		8FCB3A48203CA9EC008886FA /* AppDelegate.swift in Sources */ = {isa = PBXBuildFile; fileRef = 8FCB3A47203CA9EC008886FA /* AppDelegate.swift */; };
		8FCB3A4A203CA9EC008886FA /* GameScene.sks in Resources */ = {isa = PBXBuildFile; fileRef = 8FCB3A49203CA9EC008886FA /* GameScene.sks */; };
		8FCB3A4C203CA9EC008886FA /* Actions.sks in Resources */ = {isa = PBXBuildFile; fileRef = 8FCB3A4B203CA9EC008886FA /* Actions.sks */; };
		8FCB3A4E203CA9EC008886FA /* GameScene.swift in Sources */ = {isa = PBXBuildFile; fileRef = 8FCB3A4D203CA9EC008886FA /* GameScene.swift */; };
		8FCB3A50203CA9EC008886FA /* GameViewController.swift in Sources */ = {isa = PBXBuildFile; fileRef = 8FCB3A4F203CA9EC008886FA /* GameViewController.swift */; };
		8FCB3A53203CA9EC008886FA /* Main.storyboard in Resources */ = {isa = PBXBuildFile; fileRef = 8FCB3A51203CA9EC008886FA /* Main.storyboard */; };
		8FCB3A55203CA9EC008886FA /* Assets.xcassets in Resources */ = {isa = PBXBuildFile; fileRef = 8FCB3A54203CA9EC008886FA /* Assets.xcassets */; };
		8FCB3A58203CA9EC008886FA /* LaunchScreen.storyboard in Resources */ = {isa = PBXBuildFile; fileRef = 8FCB3A56203CA9EC008886FA /* LaunchScreen.storyboard */; };
		8FCB3A61203CAD60008886FA /* AudioKit.framework in Frameworks */ = {isa = PBXBuildFile; fileRef = 8FCB3A5F203CAD5F008886FA /* AudioKit.framework */; };
		8FCB3A62203CAD60008886FA /* AudioKit.framework in Embed Frameworks */ = {isa = PBXBuildFile; fileRef = 8FCB3A5F203CAD5F008886FA /* AudioKit.framework */; settings = {ATTRIBUTES = (CodeSignOnCopy, RemoveHeadersOnCopy, ); }; };
		8FCB3A63203CAD60008886FA /* AudioKitUI.framework in Frameworks */ = {isa = PBXBuildFile; fileRef = 8FCB3A60203CAD60008886FA /* AudioKitUI.framework */; };
		8FCB3A64203CAD60008886FA /* AudioKitUI.framework in Embed Frameworks */ = {isa = PBXBuildFile; fileRef = 8FCB3A60203CAD60008886FA /* AudioKitUI.framework */; settings = {ATTRIBUTES = (CodeSignOnCopy, RemoveHeadersOnCopy, ); }; };
/* End PBXBuildFile section */

/* Begin PBXCopyFilesBuildPhase section */
		8FCB3A65203CAD60008886FA /* Embed Frameworks */ = {
			isa = PBXCopyFilesBuildPhase;
			buildActionMask = 2147483647;
			dstPath = "";
			dstSubfolderSpec = 10;
			files = (
				8FCB3A64203CAD60008886FA /* AudioKitUI.framework in Embed Frameworks */,
				8FCB3A62203CAD60008886FA /* AudioKit.framework in Embed Frameworks */,
			);
			name = "Embed Frameworks";
			runOnlyForDeploymentPostprocessing = 0;
		};
/* End PBXCopyFilesBuildPhase section */

/* Begin PBXFileReference section */
		8F637D57203DB0A000AE5FEE /* Level0.sks */ = {isa = PBXFileReference; lastKnownFileType = file.sks; name = Level0.sks; path = Scenes/Level0.sks; sourceTree = "<group>"; };
		8F637D59203DC6E000AE5FEE /* PlayerNode.swift */ = {isa = PBXFileReference; lastKnownFileType = sourcecode.swift; path = PlayerNode.swift; sourceTree = "<group>"; };
		8FAD11B6203E044C00AA2545 /* TrailColors.swift */ = {isa = PBXFileReference; lastKnownFileType = sourcecode.swift; path = TrailColors.swift; sourceTree = "<group>"; };
		8FCB3A44203CA9EC008886FA /* Noize.app */ = {isa = PBXFileReference; explicitFileType = wrapper.application; includeInIndex = 0; path = Noize.app; sourceTree = BUILT_PRODUCTS_DIR; };
		8FCB3A47203CA9EC008886FA /* AppDelegate.swift */ = {isa = PBXFileReference; lastKnownFileType = sourcecode.swift; path = AppDelegate.swift; sourceTree = "<group>"; };
		8FCB3A49203CA9EC008886FA /* GameScene.sks */ = {isa = PBXFileReference; lastKnownFileType = file.sks; path = GameScene.sks; sourceTree = "<group>"; };
		8FCB3A4B203CA9EC008886FA /* Actions.sks */ = {isa = PBXFileReference; lastKnownFileType = file.sks; path = Actions.sks; sourceTree = "<group>"; };
		8FCB3A4D203CA9EC008886FA /* GameScene.swift */ = {isa = PBXFileReference; lastKnownFileType = sourcecode.swift; path = GameScene.swift; sourceTree = "<group>"; };
		8FCB3A4F203CA9EC008886FA /* GameViewController.swift */ = {isa = PBXFileReference; lastKnownFileType = sourcecode.swift; path = GameViewController.swift; sourceTree = "<group>"; };
		8FCB3A52203CA9EC008886FA /* Base */ = {isa = PBXFileReference; lastKnownFileType = file.storyboard; name = Base; path = Base.lproj/Main.storyboard; sourceTree = "<group>"; };
		8FCB3A54203CA9EC008886FA /* Assets.xcassets */ = {isa = PBXFileReference; lastKnownFileType = folder.assetcatalog; path = Assets.xcassets; sourceTree = "<group>"; };
		8FCB3A57203CA9EC008886FA /* Base */ = {isa = PBXFileReference; lastKnownFileType = file.storyboard; name = Base; path = Base.lproj/LaunchScreen.storyboard; sourceTree = "<group>"; };
		8FCB3A59203CA9EC008886FA /* Info.plist */ = {isa = PBXFileReference; lastKnownFileType = text.plist.xml; path = Info.plist; sourceTree = "<group>"; };
		8FCB3A5F203CAD5F008886FA /* AudioKit.framework */ = {isa = PBXFileReference; lastKnownFileType = wrapper.framework; path = AudioKit.framework; sourceTree = "<group>"; };
		8FCB3A60203CAD60008886FA /* AudioKitUI.framework */ = {isa = PBXFileReference; lastKnownFileType = wrapper.framework; path = AudioKitUI.framework; sourceTree = "<group>"; };
/* End PBXFileReference section */

/* Begin PBXFrameworksBuildPhase section */
		8FCB3A41203CA9EC008886FA /* Frameworks */ = {
			isa = PBXFrameworksBuildPhase;
			buildActionMask = 2147483647;
			files = (
				8FCB3A63203CAD60008886FA /* AudioKitUI.framework in Frameworks */,
				8FCB3A61203CAD60008886FA /* AudioKit.framework in Frameworks */,
			);
			runOnlyForDeploymentPostprocessing = 0;
		};
/* End PBXFrameworksBuildPhase section */

/* Begin PBXGroup section */
		8FCB3A3B203CA9EC008886FA = {
			isa = PBXGroup;
			children = (
				8FCB3A46203CA9EC008886FA /* Noize */,
				8FCB3A45203CA9EC008886FA /* Products */,
				8FCB3A5F203CAD5F008886FA /* AudioKit.framework */,
				8FCB3A60203CAD60008886FA /* AudioKitUI.framework */,
			);
			sourceTree = "<group>";
		};
		8FCB3A45203CA9EC008886FA /* Products */ = {
			isa = PBXGroup;
			children = (
				8FCB3A44203CA9EC008886FA /* Noize.app */,
			);
			name = Products;
			sourceTree = "<group>";
		};
		8FCB3A46203CA9EC008886FA /* Noize */ = {
			isa = PBXGroup;
			children = (
				8FCB3A47203CA9EC008886FA /* AppDelegate.swift */,
				8FCB3A49203CA9EC008886FA /* GameScene.sks */,
				8F637D57203DB0A000AE5FEE /* Level0.sks */,
				8F637D59203DC6E000AE5FEE /* PlayerNode.swift */,
				8FCB3A4B203CA9EC008886FA /* Actions.sks */,
				8FCB3A4D203CA9EC008886FA /* GameScene.swift */,
				8FAD11B6203E044C00AA2545 /* TrailColors.swift */,
				8FCB3A4F203CA9EC008886FA /* GameViewController.swift */,
				8FCB3A51203CA9EC008886FA /* Main.storyboard */,
				8FCB3A54203CA9EC008886FA /* Assets.xcassets */,
				8FCB3A56203CA9EC008886FA /* LaunchScreen.storyboard */,
				8FCB3A59203CA9EC008886FA /* Info.plist */,
			);
			path = Noize;
			sourceTree = "<group>";
		};
/* End PBXGroup section */

/* Begin PBXNativeTarget section */
		8FCB3A43203CA9EC008886FA /* Noize */ = {
			isa = PBXNativeTarget;
			buildConfigurationList = 8FCB3A5C203CA9EC008886FA /* Build configuration list for PBXNativeTarget "Noize" */;
			buildPhases = (
				8FCB3A40203CA9EC008886FA /* Sources */,
				8FCB3A41203CA9EC008886FA /* Frameworks */,
				8FCB3A42203CA9EC008886FA /* Resources */,
				8FCB3A65203CAD60008886FA /* Embed Frameworks */,
			);
			buildRules = (
			);
			dependencies = (
			);
			name = Noize;
			productName = Noize;
			productReference = 8FCB3A44203CA9EC008886FA /* Noize.app */;
			productType = "com.apple.product-type.application";
		};
/* End PBXNativeTarget section */

/* Begin PBXProject section */
		8FCB3A3C203CA9EC008886FA /* Project object */ = {
			isa = PBXProject;
			attributes = {
				LastSwiftUpdateCheck = 0920;
				LastUpgradeCheck = 0920;
				ORGANIZATIONNAME = xqz;
				TargetAttributes = {
					8FCB3A43203CA9EC008886FA = {
						CreatedOnToolsVersion = 9.2;
						ProvisioningStyle = Automatic;
					};
				};
			};
			buildConfigurationList = 8FCB3A3F203CA9EC008886FA /* Build configuration list for PBXProject "Noize" */;
			compatibilityVersion = "Xcode 8.0";
			developmentRegion = en;
			hasScannedForEncodings = 0;
			knownRegions = (
				en,
				Base,
			);
			mainGroup = 8FCB3A3B203CA9EC008886FA;
			productRefGroup = 8FCB3A45203CA9EC008886FA /* Products */;
			projectDirPath = "";
			projectRoot = "";
			targets = (
				8FCB3A43203CA9EC008886FA /* Noize */,
			);
		};
/* End PBXProject section */

/* Begin PBXResourcesBuildPhase section */
		8FCB3A42203CA9EC008886FA /* Resources */ = {
			isa = PBXResourcesBuildPhase;
			buildActionMask = 2147483647;
			files = (
				8FCB3A53203CA9EC008886FA /* Main.storyboard in Resources */,
				8FCB3A4A203CA9EC008886FA /* GameScene.sks in Resources */,
				8FCB3A55203CA9EC008886FA /* Assets.xcassets in Resources */,
				8F637D58203DB0A000AE5FEE /* Level0.sks in Resources */,
				8FCB3A58203CA9EC008886FA /* LaunchScreen.storyboard in Resources */,
				8FCB3A4C203CA9EC008886FA /* Actions.sks in Resources */,
			);
			runOnlyForDeploymentPostprocessing = 0;
		};
/* End PBXResourcesBuildPhase section */

/* Begin PBXSourcesBuildPhase section */
		8FCB3A40203CA9EC008886FA /* Sources */ = {
			isa = PBXSourcesBuildPhase;
			buildActionMask = 2147483647;
			files = (
				8FCB3A4E203CA9EC008886FA /* GameScene.swift in Sources */,
				8FCB3A50203CA9EC008886FA /* GameViewController.swift in Sources */,
				8FAD11B7203E044C00AA2545 /* TrailColors.swift in Sources */,
				8F637D5A203DC6E000AE5FEE /* PlayerNode.swift in Sources */,
				8FCB3A48203CA9EC008886FA /* AppDelegate.swift in Sources */,
			);
			runOnlyForDeploymentPostprocessing = 0;
		};
/* End PBXSourcesBuildPhase section */

/* Begin PBXVariantGroup section */
		8FCB3A51203CA9EC008886FA /* Main.storyboard */ = {
			isa = PBXVariantGroup;
			children = (
				8FCB3A52203CA9EC008886FA /* Base */,
			);
			name = Main.storyboard;
			sourceTree = "<group>";
		};
		8FCB3A56203CA9EC008886FA /* LaunchScreen.storyboard */ = {
			isa = PBXVariantGroup;
			children = (
				8FCB3A57203CA9EC008886FA /* Base */,
			);
			name = LaunchScreen.storyboard;
			sourceTree = "<group>";
		};
/* End PBXVariantGroup section */

/* Begin XCBuildConfiguration section */
		8FCB3A5A203CA9EC008886FA /* Debug */ = {
			isa = XCBuildConfiguration;
			buildSettings = {
				ALWAYS_SEARCH_USER_PATHS = NO;
				CLANG_ANALYZER_NONNULL = YES;
				CLANG_ANALYZER_NUMBER_OBJECT_CONVERSION = YES_AGGRESSIVE;
				CLANG_CXX_LANGUAGE_STANDARD = "gnu++14";
				CLANG_CXX_LIBRARY = "libc++";
				CLANG_ENABLE_MODULES = YES;
				CLANG_ENABLE_OBJC_ARC = YES;
				CLANG_WARN_BLOCK_CAPTURE_AUTORELEASING = YES;
				CLANG_WARN_BOOL_CONVERSION = YES;
				CLANG_WARN_COMMA = YES;
				CLANG_WARN_CONSTANT_CONVERSION = YES;
				CLANG_WARN_DIRECT_OBJC_ISA_USAGE = YES_ERROR;
				CLANG_WARN_DOCUMENTATION_COMMENTS = YES;
				CLANG_WARN_EMPTY_BODY = YES;
				CLANG_WARN_ENUM_CONVERSION = YES;
				CLANG_WARN_INFINITE_RECURSION = YES;
				CLANG_WARN_INT_CONVERSION = YES;
				CLANG_WARN_NON_LITERAL_NULL_CONVERSION = YES;
				CLANG_WARN_OBJC_LITERAL_CONVERSION = YES;
				CLANG_WARN_OBJC_ROOT_CLASS = YES_ERROR;
				CLANG_WARN_RANGE_LOOP_ANALYSIS = YES;
				CLANG_WARN_STRICT_PROTOTYPES = YES;
				CLANG_WARN_SUSPICIOUS_MOVE = YES;
				CLANG_WARN_UNGUARDED_AVAILABILITY = YES_AGGRESSIVE;
				CLANG_WARN_UNREACHABLE_CODE = YES;
				CLANG_WARN__DUPLICATE_METHOD_MATCH = YES;
				CODE_SIGN_IDENTITY = "iPhone Developer";
				COPY_PHASE_STRIP = NO;
				DEBUG_INFORMATION_FORMAT = dwarf;
				ENABLE_STRICT_OBJC_MSGSEND = YES;
				ENABLE_TESTABILITY = YES;
				GCC_C_LANGUAGE_STANDARD = gnu11;
				GCC_DYNAMIC_NO_PIC = NO;
				GCC_NO_COMMON_BLOCKS = YES;
				GCC_OPTIMIZATION_LEVEL = 0;
				GCC_PREPROCESSOR_DEFINITIONS = (
					"DEBUG=1",
					"$(inherited)",
				);
				GCC_WARN_64_TO_32_BIT_CONVERSION = YES;
				GCC_WARN_ABOUT_RETURN_TYPE = YES_ERROR;
				GCC_WARN_UNDECLARED_SELECTOR = YES;
				GCC_WARN_UNINITIALIZED_AUTOS = YES_AGGRESSIVE;
				GCC_WARN_UNUSED_FUNCTION = YES;
				GCC_WARN_UNUSED_VARIABLE = YES;
				IPHONEOS_DEPLOYMENT_TARGET = 11.2;
				MTL_ENABLE_DEBUG_INFO = YES;
				ONLY_ACTIVE_ARCH = YES;
				SDKROOT = iphoneos;
				SWIFT_ACTIVE_COMPILATION_CONDITIONS = DEBUG;
				SWIFT_OPTIMIZATION_LEVEL = "-Onone";
			};
			name = Debug;
		};
		8FCB3A5B203CA9EC008886FA /* Release */ = {
			isa = XCBuildConfiguration;
			buildSettings = {
				ALWAYS_SEARCH_USER_PATHS = NO;
				CLANG_ANALYZER_NONNULL = YES;
				CLANG_ANALYZER_NUMBER_OBJECT_CONVERSION = YES_AGGRESSIVE;
				CLANG_CXX_LANGUAGE_STANDARD = "gnu++14";
				CLANG_CXX_LIBRARY = "libc++";
				CLANG_ENABLE_MODULES = YES;
				CLANG_ENABLE_OBJC_ARC = YES;
				CLANG_WARN_BLOCK_CAPTURE_AUTORELEASING = YES;
				CLANG_WARN_BOOL_CONVERSION = YES;
				CLANG_WARN_COMMA = YES;
				CLANG_WARN_CONSTANT_CONVERSION = YES;
				CLANG_WARN_DIRECT_OBJC_ISA_USAGE = YES_ERROR;
				CLANG_WARN_DOCUMENTATION_COMMENTS = YES;
				CLANG_WARN_EMPTY_BODY = YES;
				CLANG_WARN_ENUM_CONVERSION = YES;
				CLANG_WARN_INFINITE_RECURSION = YES;
				CLANG_WARN_INT_CONVERSION = YES;
				CLANG_WARN_NON_LITERAL_NULL_CONVERSION = YES;
				CLANG_WARN_OBJC_LITERAL_CONVERSION = YES;
				CLANG_WARN_OBJC_ROOT_CLASS = YES_ERROR;
				CLANG_WARN_RANGE_LOOP_ANALYSIS = YES;
				CLANG_WARN_STRICT_PROTOTYPES = YES;
				CLANG_WARN_SUSPICIOUS_MOVE = YES;
				CLANG_WARN_UNGUARDED_AVAILABILITY = YES_AGGRESSIVE;
				CLANG_WARN_UNREACHABLE_CODE = YES;
				CLANG_WARN__DUPLICATE_METHOD_MATCH = YES;
				CODE_SIGN_IDENTITY = "iPhone Developer";
				COPY_PHASE_STRIP = NO;
				DEBUG_INFORMATION_FORMAT = "dwarf-with-dsym";
				ENABLE_NS_ASSERTIONS = NO;
				ENABLE_STRICT_OBJC_MSGSEND = YES;
				GCC_C_LANGUAGE_STANDARD = gnu11;
				GCC_NO_COMMON_BLOCKS = YES;
				GCC_WARN_64_TO_32_BIT_CONVERSION = YES;
				GCC_WARN_ABOUT_RETURN_TYPE = YES_ERROR;
				GCC_WARN_UNDECLARED_SELECTOR = YES;
				GCC_WARN_UNINITIALIZED_AUTOS = YES_AGGRESSIVE;
				GCC_WARN_UNUSED_FUNCTION = YES;
				GCC_WARN_UNUSED_VARIABLE = YES;
				IPHONEOS_DEPLOYMENT_TARGET = 11.2;
				MTL_ENABLE_DEBUG_INFO = NO;
				SDKROOT = iphoneos;
				SWIFT_OPTIMIZATION_LEVEL = "-Owholemodule";
				VALIDATE_PRODUCT = YES;
			};
			name = Release;
		};
		8FCB3A5D203CA9EC008886FA /* Debug */ = {
			isa = XCBuildConfiguration;
			buildSettings = {
				ASSETCATALOG_COMPILER_APPICON_NAME = AppIcon;
				CODE_SIGN_STYLE = Automatic;
				DEVELOPMENT_TEAM = YF9PG45F2Z;
				FRAMEWORK_SEARCH_PATHS = (
					"$(inherited)",
					"$(PROJECT_DIR)",
				);
				INFOPLIST_FILE = Noize/Info.plist;
				LD_RUNPATH_SEARCH_PATHS = "$(inherited) @executable_path/Frameworks";
				PRODUCT_BUNDLE_IDENTIFIER = com.xqz.noize.Noize;
				PRODUCT_NAME = "$(TARGET_NAME)";
				SWIFT_VERSION = 4.0;
				TARGETED_DEVICE_FAMILY = "1,2";
			};
			name = Debug;
		};
		8FCB3A5E203CA9EC008886FA /* Release */ = {
			isa = XCBuildConfiguration;
			buildSettings = {
				ASSETCATALOG_COMPILER_APPICON_NAME = AppIcon;
				CODE_SIGN_STYLE = Automatic;
				DEVELOPMENT_TEAM = YF9PG45F2Z;
				FRAMEWORK_SEARCH_PATHS = (
					"$(inherited)",
					"$(PROJECT_DIR)",
				);
				INFOPLIST_FILE = Noize/Info.plist;
				LD_RUNPATH_SEARCH_PATHS = "$(inherited) @executable_path/Frameworks";
				PRODUCT_BUNDLE_IDENTIFIER = com.xqz.noize.Noize;
				PRODUCT_NAME = "$(TARGET_NAME)";
				SWIFT_VERSION = 4.0;
				TARGETED_DEVICE_FAMILY = "1,2";
			};
			name = Release;
		};
/* End XCBuildConfiguration section */

/* Begin XCConfigurationList section */
		8FCB3A3F203CA9EC008886FA /* Build configuration list for PBXProject "Noize" */ = {
			isa = XCConfigurationList;
			buildConfigurations = (
				8FCB3A5A203CA9EC008886FA /* Debug */,
				8FCB3A5B203CA9EC008886FA /* Release */,
			);
			defaultConfigurationIsVisible = 0;
			defaultConfigurationName = Release;
		};
		8FCB3A5C203CA9EC008886FA /* Build configuration list for PBXNativeTarget "Noize" */ = {
			isa = XCConfigurationList;
			buildConfigurations = (
				8FCB3A5D203CA9EC008886FA /* Debug */,
				8FCB3A5E203CA9EC008886FA /* Release */,
			);
			defaultConfigurationIsVisible = 0;
			defaultConfigurationName = Release;
		};
/* End XCConfigurationList section */
	};
	rootObject = 8FCB3A3C203CA9EC008886FA /* Project object */;
}
